<?xml version="1.0" encoding="utf-8"?>
<Project ToolsVersion="4.0" xmlns="http://schemas.microsoft.com/developer/msbuild/2003">
  <ItemGroup>
    <Filter Include="Source Files">
      <UniqueIdentifier>{4FC737F1-C7A5-4376-A066-2A32D752A2FF}</UniqueIdentifier>
      <Extensions>cpp;c;cc;cxx;c++;def;odl;idl;hpj;bat;asm;asmx</Extensions>
    </Filter>
    <Filter Include="Header Files">
      <UniqueIdentifier>{93995380-89BD-4b04-88EB-625FBE52EBFB}</UniqueIdentifier>
      <Extensions>h;hh;hpp;hxx;h++;hm;inl;inc;ipp;xsd</Extensions>
    </Filter>
    <Filter Include="Resource Files">
      <UniqueIdentifier>{67DA6AB6-F800-4c08-8B7A-83BB121AAD01}</UniqueIdentifier>
      <Extensions>rc;ico;cur;bmp;dlg;rc2;rct;bin;rgs;gif;jpg;jpeg;jpe;resx;tiff;tif;png;wav;mfcribbon-ms</Extensions>
    </Filter>
    <Filter Include="Header Files\Headers">
      <UniqueIdentifier>{a056c2a2-77ac-421c-8f51-aea4555c5839}</UniqueIdentifier>
    </Filter>
    <Filter Include="Source Files\Modules">
      <UniqueIdentifier>{c0020f48-a1f7-43e8-a6d1-c37e82d7f74f}</UniqueIdentifier>
    </Filter>
    <Filter Include="Header Files\Definition headers">
      <UniqueIdentifier>{47877467-38a3-4ae0-a014-abe0ce01d88c}</UniqueIdentifier>
    </Filter>
    <Filter Include="Source Files\ImGui">
      <UniqueIdentifier>{1672d3a4-c6c8-42df-9275-3e3df8e76d8b}</UniqueIdentifier>
    </Filter>
    <Filter Include="Source Files\ImGui\backends">
      <UniqueIdentifier>{25800390-377c-41c2-a6fe-d9a36e53c155}</UniqueIdentifier>
    </Filter>
    <Filter Include="Source Files\Neural">
      <UniqueIdentifier>{dea881c3-8ab5-4442-a911-b9a418338b24}</UniqueIdentifier>
    </Filter>
  </ItemGroup>
  <ItemGroup>
    <ClCompile Include="ModuleWindow.cpp">
      <Filter>Source Files\Modules</Filter>
    </ClCompile>
    <ClCompile Include="App.cpp">
      <Filter>Source Files</Filter>
    </ClCompile>
    <ClCompile Include="Main.cpp">
      <Filter>Source Files</Filter>
    </ClCompile>
    <ClCompile Include="ModuleRender.cpp">
      <Filter>Source Files\Modules</Filter>
    </ClCompile>
    <ClCompile Include="ModuleInput.cpp">
      <Filter>Source Files\Modules</Filter>
    </ClCompile>
    <ClCompile Include="ModuleScene.cpp">
      <Filter>Source Files\Modules</Filter>
    </ClCompile>
    <ClCompile Include="ModuleImGui.cpp">
      <Filter>Source Files\Modules</Filter>
    </ClCompile>
    <ClCompile Include="ImGui_p.cpp">
      <Filter>Source Files\ImGui</Filter>
    </ClCompile>
    <ClCompile Include="..\imgui-1.83\imgui_demo.cpp">
      <Filter>Source Files\ImGui</Filter>
    </ClCompile>
    <ClCompile Include="..\imgui-1.83\imgui_draw.cpp">
      <Filter>Source Files\ImGui</Filter>
    </ClCompile>
    <ClCompile Include="..\imgui-1.83\imgui_tables.cpp">
      <Filter>Source Files\ImGui</Filter>
    </ClCompile>
    <ClCompile Include="..\imgui-1.83\imgui_widgets.cpp">
      <Filter>Source Files\ImGui</Filter>
    </ClCompile>
    <ClCompile Include="..\imgui-1.83\imgui.cpp">
      <Filter>Source Files\ImGui</Filter>
    </ClCompile>
    <ClCompile Include="NeuralNetwork.cpp">
      <Filter>Source Files\Modules</Filter>
    </ClCompile>
    <ClCompile Include="Layer.cpp">
      <Filter>Source Files\Neural</Filter>
    </ClCompile>
    <ClCompile Include="Neuron.cpp">
      <Filter>Source Files\Neural</Filter>
    </ClCompile>
  </ItemGroup>
  <ItemGroup>
    <ClInclude Include="p2List.h">
      <Filter>Resource Files</Filter>
    </ClInclude>
    <ClInclude Include="App.h">
      <Filter>Header Files\Headers</Filter>
    </ClInclude>
    <ClInclude Include="Module.h">
      <Filter>Header Files\Headers</Filter>
    </ClInclude>
    <ClInclude Include="ModuleWindow.h">
      <Filter>Source Files\Modules</Filter>
    </ClInclude>
    <ClInclude Include="ModuleRender.h">
      <Filter>Source Files\Modules</Filter>
    </ClInclude>
    <ClInclude Include="Globals.h">
      <Filter>Header Files\Definition headers</Filter>
    </ClInclude>
    <ClInclude Include="Code_rules.h">
      <Filter>Header Files\Definition headers</Filter>
    </ClInclude>
    <ClInclude Include="StandartLibraries.h">
      <Filter>Header Files\Definition headers</Filter>
    </ClInclude>
    <ClInclude Include="Variables.h">
      <Filter>Header Files\Definition headers</Filter>
    </ClInclude>
    <ClInclude Include="ModuleInput.h">
      <Filter>Source Files\Modules</Filter>
    </ClInclude>
    <ClInclude Include="ModuleImGui.h">
      <Filter>Source Files\Modules</Filter>
    </ClInclude>
    <ClInclude Include="..\imgui-1.83\imgui.h">
      <Filter>Source Files\ImGui</Filter>
    </ClInclude>
    <ClInclude Include="..\imgui-1.83\imgui_internal.h">
      <Filter>Source Files\ImGui</Filter>
    </ClInclude>
    <ClInclude Include="..\imgui-1.83\imstb_rectpack.h">
      <Filter>Source Files\ImGui</Filter>
    </ClInclude>
    <ClInclude Include="..\imgui-1.83\imstb_textedit.h">
      <Filter>Source Files\ImGui</Filter>
    </ClInclude>
    <ClInclude Include="..\imgui-1.83\imstb_truetype.h">
      <Filter>Source Files\ImGui</Filter>
    </ClInclude>
    <ClInclude Include="..\imgui-1.83\imconfig.h">
      <Filter>Source Files\ImGui</Filter>
    </ClInclude>
    <ClInclude Include="Layer.h">
      <Filter>Source Files\Neural</Filter>
    </ClInclude>
    <ClInclude Include="Neuron.h">
      <Filter>Source Files\Neural</Filter>
    </ClInclude>
    <ClInclude Include="ModuleScene.h">
      <Filter>Source Files\Modules</Filter>
    </ClInclude>
    <ClInclude Include="NeuralNetwork.h">
      <Filter>Source Files\Modules</Filter>
    </ClInclude>
  </ItemGroup>
</Project>